
Microsoft Visual Studio Solution File, Format Version 12.00
# Visual Studio 15
VisualStudioVersion = 15.0.26730.8
MinimumVisualStudioVersion = 10.0.40219.1
Project("{FAE04EC0-301F-11D3-BF4B-00C04F79EFBC}") = "XF.Picker.Demo.Android", "XF.Picker.Demo\XF.Picker.Demo.Android\XF.Picker.Demo.Android.csproj", "{2743BC90-B3A6-46D9-AB45-F78E09A956DE}"
EndProject
Project("{FAE04EC0-301F-11D3-BF4B-00C04F79EFBC}") = "XF.Picker.Demo", "XF.Picker.Demo\XF.Picker.Demo\XF.Picker.Demo.csproj", "{62481880-08A5-4286-B8CA-DB38AAE7DB00}"
EndProject
Project("{FAE04EC0-301F-11D3-BF4B-00C04F79EFBC}") = "XF.Picker.Demo.UWP", "XF.Picker.Demo\XF.Picker.Demo.UWP\XF.Picker.Demo.UWP.csproj", "{5655471D-5CD4-4EEB-B0C7-9F9AF83437DC}"
EndProject
Project("{FAE04EC0-301F-11D3-BF4B-00C04F79EFBC}") = "XF.Picker.Demo.iOS", "XF.Picker.Demo\XF.Picker.Demo.iOS\XF.Picker.Demo.iOS.csproj", "{3C905C16-9FB8-494C-9541-9491BB589E60}"
EndProject
Global
	GlobalSection(SolutionConfigurationPlatforms) = preSolution
		Ad-Hoc|Any CPU = Ad-Hoc|Any CPU
		Ad-Hoc|ARM = Ad-Hoc|ARM
		Ad-Hoc|iPhone = Ad-Hoc|iPhone
		Ad-Hoc|iPhoneSimulator = Ad-Hoc|iPhoneSimulator
		Ad-Hoc|x64 = Ad-Hoc|x64
		Ad-Hoc|x86 = Ad-Hoc|x86
		AppStore|Any CPU = AppStore|Any CPU
		AppStore|ARM = AppStore|ARM
		AppStore|iPhone = AppStore|iPhone
		AppStore|iPhoneSimulator = AppStore|iPhoneSimulator
		AppStore|x64 = AppStore|x64
		AppStore|x86 = AppStore|x86
		Debug|Any CPU = Debug|Any CPU
		Debug|ARM = Debug|ARM
		Debug|iPhone = Debug|iPhone
		Debug|iPhoneSimulator = Debug|iPhoneSimulator
		Debug|x64 = Debug|x64
		Debug|x86 = Debug|x86
		Release|Any CPU = Release|Any CPU
		Release|ARM = Release|ARM
		Release|iPhone = Release|iPhone
		Release|iPhoneSimulator = Release|iPhoneSimulator
		Release|x64 = Release|x64
		Release|x86 = Release|x86
	EndGlobalSection
	GlobalSection(ProjectConfigurationPlatforms) = postSolution
		{2743BC90-B3A6-46D9-AB45-F78E09A956DE}.Ad-Hoc|Any CPU.ActiveCfg = Release|Any CPU
		{2743BC90-B3A6-46D9-AB45-F78E09A956DE}.Ad-Hoc|Any CPU.Build.0 = Release|Any CPU
		{2743BC90-B3A6-46D9-AB45-F78E09A956DE}.Ad-Hoc|Any CPU.Deploy.0 = Release|Any CPU
		{2743BC90-B3A6-46D9-AB45-F78E09A956DE}.Ad-Hoc|ARM.ActiveCfg = Release|Any CPU
		{2743BC90-B3A6-46D9-AB45-F78E09A956DE}.Ad-Hoc|ARM.Build.0 = Release|Any CPU
		{2743BC90-B3A6-46D9-AB45-F78E09A956DE}.Ad-Hoc|ARM.Deploy.0 = Release|Any CPU
		{2743BC90-B3A6-46D9-AB45-F78E09A956DE}.Ad-Hoc|iPhone.ActiveCfg = Release|Any CPU
		{2743BC90-B3A6-46D9-AB45-F78E09A956DE}.Ad-Hoc|iPhone.Build.0 = Release|Any CPU
		{2743BC90-B3A6-46D9-AB45-F78E09A956DE}.Ad-Hoc|iPhone.Deploy.0 = Release|Any CPU
		{2743BC90-B3A6-46D9-AB45-F78E09A956DE}.Ad-Hoc|iPhoneSimulator.ActiveCfg = Release|Any CPU
		{2743BC90-B3A6-46D9-AB45-F78E09A956DE}.Ad-Hoc|iPhoneSimulator.Build.0 = Release|Any CPU
		{2743BC90-B3A6-46D9-AB45-F78E09A956DE}.Ad-Hoc|iPhoneSimulator.Deploy.0 = Release|Any CPU
		{2743BC90-B3A6-46D9-AB45-F78E09A956DE}.Ad-Hoc|x64.ActiveCfg = Release|Any CPU
		{2743BC90-B3A6-46D9-AB45-F78E09A956DE}.Ad-Hoc|x64.Build.0 = Release|Any CPU
		{2743BC90-B3A6-46D9-AB45-F78E09A956DE}.Ad-Hoc|x64.Deploy.0 = Release|Any CPU
		{2743BC90-B3A6-46D9-AB45-F78E09A956DE}.Ad-Hoc|x86.ActiveCfg = Release|Any CPU
		{2743BC90-B3A6-46D9-AB45-F78E09A956DE}.Ad-Hoc|x86.Build.0 = Release|Any CPU
		{2743BC90-B3A6-46D9-AB45-F78E09A956DE}.Ad-Hoc|x86.Deploy.0 = Release|Any CPU
		{2743BC90-B3A6-46D9-AB45-F78E09A956DE}.AppStore|Any CPU.ActiveCfg = Release|Any CPU
		{2743BC90-B3A6-46D9-AB45-F78E09A956DE}.AppStore|Any CPU.Build.0 = Release|Any CPU
		{2743BC90-B3A6-46D9-AB45-F78E09A956DE}.AppStore|Any CPU.Deploy.0 = Release|Any CPU
		{2743BC90-B3A6-46D9-AB45-F78E09A956DE}.AppStore|ARM.ActiveCfg = Release|Any CPU
		{2743BC90-B3A6-46D9-AB45-F78E09A956DE}.AppStore|ARM.Build.0 = Release|Any CPU
		{2743BC90-B3A6-46D9-AB45-F78E09A956DE}.AppStore|ARM.Deploy.0 = Release|Any CPU
		{2743BC90-B3A6-46D9-AB45-F78E09A956DE}.AppStore|iPhone.ActiveCfg = Release|Any CPU
		{2743BC90-B3A6-46D9-AB45-F78E09A956DE}.AppStore|iPhone.Build.0 = Release|Any CPU
		{2743BC90-B3A6-46D9-AB45-F78E09A956DE}.AppStore|iPhone.Deploy.0 = Release|Any CPU
		{2743BC90-B3A6-46D9-AB45-F78E09A956DE}.AppStore|iPhoneSimulator.ActiveCfg = Release|Any CPU
		{2743BC90-B3A6-46D9-AB45-F78E09A956DE}.AppStore|iPhoneSimulator.Build.0 = Release|Any CPU
		{2743BC90-B3A6-46D9-AB45-F78E09A956DE}.AppStore|iPhoneSimulator.Deploy.0 = Release|Any CPU
		{2743BC90-B3A6-46D9-AB45-F78E09A956DE}.AppStore|x64.ActiveCfg = Release|Any CPU
		{2743BC90-B3A6-46D9-AB45-F78E09A956DE}.AppStore|x64.Build.0 = Release|Any CPU
		{2743BC90-B3A6-46D9-AB45-F78E09A956DE}.AppStore|x64.Deploy.0 = Release|Any CPU
		{2743BC90-B3A6-46D9-AB45-F78E09A956DE}.AppStore|x86.ActiveCfg = Release|Any CPU
		{2743BC90-B3A6-46D9-AB45-F78E09A956DE}.AppStore|x86.Build.0 = Release|Any CPU
		{2743BC90-B3A6-46D9-AB45-F78E09A956DE}.AppStore|x86.Deploy.0 = Release|Any CPU
		{2743BC90-B3A6-46D9-AB45-F78E09A956DE}.Debug|Any CPU.ActiveCfg = Debug|Any CPU
		{2743BC90-B3A6-46D9-AB45-F78E09A956DE}.Debug|Any CPU.Build.0 = Debug|Any CPU
		{2743BC90-B3A6-46D9-AB45-F78E09A956DE}.Debug|Any CPU.Deploy.0 = Debug|Any CPU
		{2743BC90-B3A6-46D9-AB45-F78E09A956DE}.Debug|ARM.ActiveCfg = Debug|Any CPU
		{2743BC90-B3A6-46D9-AB45-F78E09A956DE}.Debug|ARM.Build.0 = Debug|Any CPU
		{2743BC90-B3A6-46D9-AB45-F78E09A956DE}.Debug|ARM.Deploy.0 = Debug|Any CPU
		{2743BC90-B3A6-46D9-AB45-F78E09A956DE}.Debug|iPhone.ActiveCfg = Debug|Any CPU
		{2743BC90-B3A6-46D9-AB45-F78E09A956DE}.Debug|iPhone.Build.0 = Debug|Any CPU
		{2743BC90-B3A6-46D9-AB45-F78E09A956DE}.Debug|iPhone.Deploy.0 = Debug|Any CPU
		{2743BC90-B3A6-46D9-AB45-F78E09A956DE}.Debug|iPhoneSimulator.ActiveCfg = Debug|Any CPU
		{2743BC90-B3A6-46D9-AB45-F78E09A956DE}.Debug|iPhoneSimulator.Build.0 = Debug|Any CPU
		{2743BC90-B3A6-46D9-AB45-F78E09A956DE}.Debug|iPhoneSimulator.Deploy.0 = Debug|Any CPU
		{2743BC90-B3A6-46D9-AB45-F78E09A956DE}.Debug|x64.ActiveCfg = Debug|Any CPU
		{2743BC90-B3A6-46D9-AB45-F78E09A956DE}.Debug|x64.Build.0 = Debug|Any CPU
		{2743BC90-B3A6-46D9-AB45-F78E09A956DE}.Debug|x64.Deploy.0 = Debug|Any CPU
		{2743BC90-B3A6-46D9-AB45-F78E09A956DE}.Debug|x86.ActiveCfg = Debug|Any CPU
		{2743BC90-B3A6-46D9-AB45-F78E09A956DE}.Debug|x86.Build.0 = Debug|Any CPU
		{2743BC90-B3A6-46D9-AB45-F78E09A956DE}.Debug|x86.Deploy.0 = Debug|Any CPU
		{2743BC90-B3A6-46D9-AB45-F78E09A956DE}.Release|Any CPU.ActiveCfg = Release|Any CPU
		{2743BC90-B3A6-46D9-AB45-F78E09A956DE}.Release|Any CPU.Build.0 = Release|Any CPU
		{2743BC90-B3A6-46D9-AB45-F78E09A956DE}.Release|Any CPU.Deploy.0 = Release|Any CPU
		{2743BC90-B3A6-46D9-AB45-F78E09A956DE}.Release|ARM.ActiveCfg = Release|Any CPU
		{2743BC90-B3A6-46D9-AB45-F78E09A956DE}.Release|ARM.Build.0 = Release|Any CPU
		{2743BC90-B3A6-46D9-AB45-F78E09A956DE}.Release|ARM.Deploy.0 = Release|Any CPU
		{2743BC90-B3A6-46D9-AB45-F78E09A956DE}.Release|iPhone.ActiveCfg = Release|Any CPU
		{2743BC90-B3A6-46D9-AB45-F78E09A956DE}.Release|iPhone.Build.0 = Release|Any CPU
		{2743BC90-B3A6-46D9-AB45-F78E09A956DE}.Release|iPhone.Deploy.0 = Release|Any CPU
		{2743BC90-B3A6-46D9-AB45-F78E09A956DE}.Release|iPhoneSimulator.ActiveCfg = Release|Any CPU
		{2743BC90-B3A6-46D9-AB45-F78E09A956DE}.Release|iPhoneSimulator.Build.0 = Release|Any CPU
		{2743BC90-B3A6-46D9-AB45-F78E09A956DE}.Release|iPhoneSimulator.Deploy.0 = Release|Any CPU
		{2743BC90-B3A6-46D9-AB45-F78E09A956DE}.Release|x64.ActiveCfg = Release|Any CPU
		{2743BC90-B3A6-46D9-AB45-F78E09A956DE}.Release|x64.Build.0 = Release|Any CPU
		{2743BC90-B3A6-46D9-AB45-F78E09A956DE}.Release|x64.Deploy.0 = Release|Any CPU
		{2743BC90-B3A6-46D9-AB45-F78E09A956DE}.Release|x86.ActiveCfg = Release|Any CPU
		{2743BC90-B3A6-46D9-AB45-F78E09A956DE}.Release|x86.Build.0 = Release|Any CPU
		{2743BC90-B3A6-46D9-AB45-F78E09A956DE}.Release|x86.Deploy.0 = Release|Any CPU
		{62481880-08A5-4286-B8CA-DB38AAE7DB00}.Ad-Hoc|Any CPU.ActiveCfg = Release|Any CPU
		{62481880-08A5-4286-B8CA-DB38AAE7DB00}.Ad-Hoc|Any CPU.Build.0 = Release|Any CPU
		{62481880-08A5-4286-B8CA-DB38AAE7DB00}.Ad-Hoc|ARM.ActiveCfg = Release|Any CPU
		{62481880-08A5-4286-B8CA-DB38AAE7DB00}.Ad-Hoc|ARM.Build.0 = Release|Any CPU
		{62481880-08A5-4286-B8CA-DB38AAE7DB00}.Ad-Hoc|iPhone.ActiveCfg = Release|Any CPU
		{62481880-08A5-4286-B8CA-DB38AAE7DB00}.Ad-Hoc|iPhone.Build.0 = Release|Any CPU
		{62481880-08A5-4286-B8CA-DB38AAE7DB00}.Ad-Hoc|iPhoneSimulator.ActiveCfg = Release|Any CPU
		{62481880-08A5-4286-B8CA-DB38AAE7DB00}.Ad-Hoc|iPhoneSimulator.Build.0 = Release|Any CPU
		{62481880-08A5-4286-B8CA-DB38AAE7DB00}.Ad-Hoc|x64.ActiveCfg = Release|Any CPU
		{62481880-08A5-4286-B8CA-DB38AAE7DB00}.Ad-Hoc|x64.Build.0 = Release|Any CPU
		{62481880-08A5-4286-B8CA-DB38AAE7DB00}.Ad-Hoc|x86.ActiveCfg = Release|Any CPU
		{62481880-08A5-4286-B8CA-DB38AAE7DB00}.Ad-Hoc|x86.Build.0 = Release|Any CPU
		{62481880-08A5-4286-B8CA-DB38AAE7DB00}.AppStore|Any CPU.ActiveCfg = Release|Any CPU
		{62481880-08A5-4286-B8CA-DB38AAE7DB00}.AppStore|Any CPU.Build.0 = Release|Any CPU
		{62481880-08A5-4286-B8CA-DB38AAE7DB00}.AppStore|ARM.ActiveCfg = Release|Any CPU
		{62481880-08A5-4286-B8CA-DB38AAE7DB00}.AppStore|ARM.Build.0 = Release|Any CPU
		{62481880-08A5-4286-B8CA-DB38AAE7DB00}.AppStore|iPhone.ActiveCfg = Release|Any CPU
		{62481880-08A5-4286-B8CA-DB38AAE7DB00}.AppStore|iPhone.Build.0 = Release|Any CPU
		{62481880-08A5-4286-B8CA-DB38AAE7DB00}.AppStore|iPhoneSimulator.ActiveCfg = Release|Any CPU
		{62481880-08A5-4286-B8CA-DB38AAE7DB00}.AppStore|iPhoneSimulator.Build.0 = Release|Any CPU
		{62481880-08A5-4286-B8CA-DB38AAE7DB00}.AppStore|x64.ActiveCfg = Release|Any CPU
		{62481880-08A5-4286-B8CA-DB38AAE7DB00}.AppStore|x64.Build.0 = Release|Any CPU
		{62481880-08A5-4286-B8CA-DB38AAE7DB00}.AppStore|x86.ActiveCfg = Release|Any CPU
		{62481880-08A5-4286-B8CA-DB38AAE7DB00}.AppStore|x86.Build.0 = Release|Any CPU
		{62481880-08A5-4286-B8CA-DB38AAE7DB00}.Debug|Any CPU.ActiveCfg = Debug|Any CPU
		{62481880-08A5-4286-B8CA-DB38AAE7DB00}.Debug|Any CPU.Build.0 = Debug|Any CPU
		{62481880-08A5-4286-B8CA-DB38AAE7DB00}.Debug|ARM.ActiveCfg = Debug|Any CPU
		{62481880-08A5-4286-B8CA-DB38AAE7DB00}.Debug|ARM.Build.0 = Debug|Any CPU
		{62481880-08A5-4286-B8CA-DB38AAE7DB00}.Debug|iPhone.ActiveCfg = Debug|Any CPU
		{62481880-08A5-4286-B8CA-DB38AAE7DB00}.Debug|iPhone.Build.0 = Debug|Any CPU
		{62481880-08A5-4286-B8CA-DB38AAE7DB00}.Debug|iPhoneSimulator.ActiveCfg = Debug|Any CPU
		{62481880-08A5-4286-B8CA-DB38AAE7DB00}.Debug|iPhoneSimulator.Build.0 = Debug|Any CPU
		{62481880-08A5-4286-B8CA-DB38AAE7DB00}.Debug|x64.ActiveCfg = Debug|Any CPU
		{62481880-08A5-4286-B8CA-DB38AAE7DB00}.Debug|x64.Build.0 = Debug|Any CPU
		{62481880-08A5-4286-B8CA-DB38AAE7DB00}.Debug|x86.ActiveCfg = Debug|Any CPU
		{62481880-08A5-4286-B8CA-DB38AAE7DB00}.Debug|x86.Build.0 = Debug|Any CPU
		{62481880-08A5-4286-B8CA-DB38AAE7DB00}.Release|Any CPU.ActiveCfg = Release|Any CPU
		{62481880-08A5-4286-B8CA-DB38AAE7DB00}.Release|Any CPU.Build.0 = Release|Any CPU
		{62481880-08A5-4286-B8CA-DB38AAE7DB00}.Release|ARM.ActiveCfg = Release|Any CPU
		{62481880-08A5-4286-B8CA-DB38AAE7DB00}.Release|ARM.Build.0 = Release|Any CPU
		{62481880-08A5-4286-B8CA-DB38AAE7DB00}.Release|iPhone.ActiveCfg = Release|Any CPU
		{62481880-08A5-4286-B8CA-DB38AAE7DB00}.Release|iPhone.Build.0 = Release|Any CPU
		{62481880-08A5-4286-B8CA-DB38AAE7DB00}.Release|iPhoneSimulator.ActiveCfg = Release|Any CPU
		{62481880-08A5-4286-B8CA-DB38AAE7DB00}.Release|iPhoneSimulator.Build.0 = Release|Any CPU
		{62481880-08A5-4286-B8CA-DB38AAE7DB00}.Release|x64.ActiveCfg = Release|Any CPU
		{62481880-08A5-4286-B8CA-DB38AAE7DB00}.Release|x64.Build.0 = Release|Any CPU
		{62481880-08A5-4286-B8CA-DB38AAE7DB00}.Release|x86.ActiveCfg = Release|Any CPU
		{62481880-08A5-4286-B8CA-DB38AAE7DB00}.Release|x86.Build.0 = Release|Any CPU
		{5655471D-5CD4-4EEB-B0C7-9F9AF83437DC}.Ad-Hoc|Any CPU.ActiveCfg = Release|x86
		{5655471D-5CD4-4EEB-B0C7-9F9AF83437DC}.Ad-Hoc|Any CPU.Build.0 = Release|x86
		{5655471D-5CD4-4EEB-B0C7-9F9AF83437DC}.Ad-Hoc|Any CPU.Deploy.0 = Release|x86
		{5655471D-5CD4-4EEB-B0C7-9F9AF83437DC}.Ad-Hoc|ARM.ActiveCfg = Release|ARM
		{5655471D-5CD4-4EEB-B0C7-9F9AF83437DC}.Ad-Hoc|ARM.Build.0 = Release|ARM
		{5655471D-5CD4-4EEB-B0C7-9F9AF83437DC}.Ad-Hoc|ARM.Deploy.0 = Release|ARM
		{5655471D-5CD4-4EEB-B0C7-9F9AF83437DC}.Ad-Hoc|iPhone.ActiveCfg = Release|x86
		{5655471D-5CD4-4EEB-B0C7-9F9AF83437DC}.Ad-Hoc|iPhone.Build.0 = Release|x86
		{5655471D-5CD4-4EEB-B0C7-9F9AF83437DC}.Ad-Hoc|iPhone.Deploy.0 = Release|x86
		{5655471D-5CD4-4EEB-B0C7-9F9AF83437DC}.Ad-Hoc|iPhoneSimulator.ActiveCfg = Release|x86
		{5655471D-5CD4-4EEB-B0C7-9F9AF83437DC}.Ad-Hoc|iPhoneSimulator.Build.0 = Release|x86
		{5655471D-5CD4-4EEB-B0C7-9F9AF83437DC}.Ad-Hoc|iPhoneSimulator.Deploy.0 = Release|x86
		{5655471D-5CD4-4EEB-B0C7-9F9AF83437DC}.Ad-Hoc|x64.ActiveCfg = Release|x64
		{5655471D-5CD4-4EEB-B0C7-9F9AF83437DC}.Ad-Hoc|x64.Build.0 = Release|x64
		{5655471D-5CD4-4EEB-B0C7-9F9AF83437DC}.Ad-Hoc|x64.Deploy.0 = Release|x64
		{5655471D-5CD4-4EEB-B0C7-9F9AF83437DC}.Ad-Hoc|x86.ActiveCfg = Release|x86
		{5655471D-5CD4-4EEB-B0C7-9F9AF83437DC}.Ad-Hoc|x86.Build.0 = Release|x86
		{5655471D-5CD4-4EEB-B0C7-9F9AF83437DC}.Ad-Hoc|x86.Deploy.0 = Release|x86
		{5655471D-5CD4-4EEB-B0C7-9F9AF83437DC}.AppStore|Any CPU.ActiveCfg = Release|x86
		{5655471D-5CD4-4EEB-B0C7-9F9AF83437DC}.AppStore|Any CPU.Build.0 = Release|x86
		{5655471D-5CD4-4EEB-B0C7-9F9AF83437DC}.AppStore|Any CPU.Deploy.0 = Release|x86
		{5655471D-5CD4-4EEB-B0C7-9F9AF83437DC}.AppStore|ARM.ActiveCfg = Release|ARM
		{5655471D-5CD4-4EEB-B0C7-9F9AF83437DC}.AppStore|ARM.Build.0 = Release|ARM
		{5655471D-5CD4-4EEB-B0C7-9F9AF83437DC}.AppStore|ARM.Deploy.0 = Release|ARM
		{5655471D-5CD4-4EEB-B0C7-9F9AF83437DC}.AppStore|iPhone.ActiveCfg = Release|x86
		{5655471D-5CD4-4EEB-B0C7-9F9AF83437DC}.AppStore|iPhone.Build.0 = Release|x86
		{5655471D-5CD4-4EEB-B0C7-9F9AF83437DC}.AppStore|iPhone.Deploy.0 = Release|x86
		{5655471D-5CD4-4EEB-B0C7-9F9AF83437DC}.AppStore|iPhoneSimulator.ActiveCfg = Release|x86
		{5655471D-5CD4-4EEB-B0C7-9F9AF83437DC}.AppStore|iPhoneSimulator.Build.0 = Release|x86
		{5655471D-5CD4-4EEB-B0C7-9F9AF83437DC}.AppStore|iPhoneSimulator.Deploy.0 = Release|x86
		{5655471D-5CD4-4EEB-B0C7-9F9AF83437DC}.AppStore|x64.ActiveCfg = Release|x64
		{5655471D-5CD4-4EEB-B0C7-9F9AF83437DC}.AppStore|x64.Build.0 = Release|x64
		{5655471D-5CD4-4EEB-B0C7-9F9AF83437DC}.AppStore|x64.Deploy.0 = Release|x64
		{5655471D-5CD4-4EEB-B0C7-9F9AF83437DC}.AppStore|x86.ActiveCfg = Release|x86
		{5655471D-5CD4-4EEB-B0C7-9F9AF83437DC}.AppStore|x86.Build.0 = Release|x86
		{5655471D-5CD4-4EEB-B0C7-9F9AF83437DC}.AppStore|x86.Deploy.0 = Release|x86
		{5655471D-5CD4-4EEB-B0C7-9F9AF83437DC}.Debug|Any CPU.ActiveCfg = Debug|x86
		{5655471D-5CD4-4EEB-B0C7-9F9AF83437DC}.Debug|ARM.ActiveCfg = Debug|ARM
		{5655471D-5CD4-4EEB-B0C7-9F9AF83437DC}.Debug|ARM.Build.0 = Debug|ARM
		{5655471D-5CD4-4EEB-B0C7-9F9AF83437DC}.Debug|ARM.Deploy.0 = Debug|ARM
		{5655471D-5CD4-4EEB-B0C7-9F9AF83437DC}.Debug|iPhone.ActiveCfg = Debug|x86
		{5655471D-5CD4-4EEB-B0C7-9F9AF83437DC}.Debug|iPhoneSimulator.ActiveCfg = Debug|x86
		{5655471D-5CD4-4EEB-B0C7-9F9AF83437DC}.Debug|x64.ActiveCfg = Debug|x64
		{5655471D-5CD4-4EEB-B0C7-9F9AF83437DC}.Debug|x64.Build.0 = Debug|x64
		{5655471D-5CD4-4EEB-B0C7-9F9AF83437DC}.Debug|x64.Deploy.0 = Debug|x64
		{5655471D-5CD4-4EEB-B0C7-9F9AF83437DC}.Debug|x86.ActiveCfg = Debug|x86
		{5655471D-5CD4-4EEB-B0C7-9F9AF83437DC}.Debug|x86.Build.0 = Debug|x86
		{5655471D-5CD4-4EEB-B0C7-9F9AF83437DC}.Debug|x86.Deploy.0 = Debug|x86
		{5655471D-5CD4-4EEB-B0C7-9F9AF83437DC}.Release|Any CPU.ActiveCfg = Release|x86
		{5655471D-5CD4-4EEB-B0C7-9F9AF83437DC}.Release|ARM.ActiveCfg = Release|ARM
		{5655471D-5CD4-4EEB-B0C7-9F9AF83437DC}.Release|ARM.Build.0 = Release|ARM
		{5655471D-5CD4-4EEB-B0C7-9F9AF83437DC}.Release|ARM.Deploy.0 = Release|ARM
		{5655471D-5CD4-4EEB-B0C7-9F9AF83437DC}.Release|iPhone.ActiveCfg = Release|x86
		{5655471D-5CD4-4EEB-B0C7-9F9AF83437DC}.Release|iPhoneSimulator.ActiveCfg = Release|x86
		{5655471D-5CD4-4EEB-B0C7-9F9AF83437DC}.Release|x64.ActiveCfg = Release|x64
		{5655471D-5CD4-4EEB-B0C7-9F9AF83437DC}.Release|x64.Build.0 = Release|x64
		{5655471D-5CD4-4EEB-B0C7-9F9AF83437DC}.Release|x64.Deploy.0 = Release|x64
		{5655471D-5CD4-4EEB-B0C7-9F9AF83437DC}.Release|x86.ActiveCfg = Release|x86
		{5655471D-5CD4-4EEB-B0C7-9F9AF83437DC}.Release|x86.Build.0 = Release|x86
		{5655471D-5CD4-4EEB-B0C7-9F9AF83437DC}.Release|x86.Deploy.0 = Release|x86
		{3C905C16-9FB8-494C-9541-9491BB589E60}.Ad-Hoc|Any CPU.ActiveCfg = Ad-Hoc|iPhone
		{3C905C16-9FB8-494C-9541-9491BB589E60}.Ad-Hoc|ARM.ActiveCfg = Ad-Hoc|iPhone
		{3C905C16-9FB8-494C-9541-9491BB589E60}.Ad-Hoc|iPhone.ActiveCfg = Ad-Hoc|iPhone
		{3C905C16-9FB8-494C-9541-9491BB589E60}.Ad-Hoc|iPhone.Build.0 = Ad-Hoc|iPhone
		{3C905C16-9FB8-494C-9541-9491BB589E60}.Ad-Hoc|iPhoneSimulator.ActiveCfg = Ad-Hoc|iPhoneSimulator
		{3C905C16-9FB8-494C-9541-9491BB589E60}.Ad-Hoc|iPhoneSimulator.Build.0 = Ad-Hoc|iPhoneSimulator
		{3C905C16-9FB8-494C-9541-9491BB589E60}.Ad-Hoc|x64.ActiveCfg = Ad-Hoc|iPhone
		{3C905C16-9FB8-494C-9541-9491BB589E60}.Ad-Hoc|x86.ActiveCfg = Ad-Hoc|iPhone
		{3C905C16-9FB8-494C-9541-9491BB589E60}.AppStore|Any CPU.ActiveCfg = AppStore|iPhone
		{3C905C16-9FB8-494C-9541-9491BB589E60}.AppStore|ARM.ActiveCfg = AppStore|iPhone
		{3C905C16-9FB8-494C-9541-9491BB589E60}.AppStore|iPhone.ActiveCfg = AppStore|iPhone
		{3C905C16-9FB8-494C-9541-9491BB589E60}.AppStore|iPhone.Build.0 = AppStore|iPhone
		{3C905C16-9FB8-494C-9541-9491BB589E60}.AppStore|iPhoneSimulator.ActiveCfg = AppStore|iPhoneSimulator
		{3C905C16-9FB8-494C-9541-9491BB589E60}.AppStore|iPhoneSimulator.Build.0 = AppStore|iPhoneSimulator
		{3C905C16-9FB8-494C-9541-9491BB589E60}.AppStore|x64.ActiveCfg = AppStore|iPhone
		{3C905C16-9FB8-494C-9541-9491BB589E60}.AppStore|x86.ActiveCfg = AppStore|iPhone
		{3C905C16-9FB8-494C-9541-9491BB589E60}.Debug|Any CPU.ActiveCfg = Debug|iPhone
		{3C905C16-9FB8-494C-9541-9491BB589E60}.Debug|ARM.ActiveCfg = Debug|iPhone
		{3C905C16-9FB8-494C-9541-9491BB589E60}.Debug|iPhone.ActiveCfg = Debug|iPhone
		{3C905C16-9FB8-494C-9541-9491BB589E60}.Debug|iPhone.Build.0 = Debug|iPhone
		{3C905C16-9FB8-494C-9541-9491BB589E60}.Debug|iPhoneSimulator.ActiveCfg = Debug|iPhoneSimulator
		{3C905C16-9FB8-494C-9541-9491BB589E60}.Debug|iPhoneSimulator.Build.0 = Debug|iPhoneSimulator
		{3C905C16-9FB8-494C-9541-9491BB589E60}.Debug|x64.ActiveCfg = Debug|iPhone
		{3C905C16-9FB8-494C-9541-9491BB589E60}.Debug|x86.ActiveCfg = Debug|iPhone
		{3C905C16-9FB8-494C-9541-9491BB589E60}.Release|Any CPU.ActiveCfg = Release|iPhone
		{3C905C16-9FB8-494C-9541-9491BB589E60}.Release|ARM.ActiveCfg = Release|iPhone
		{3C905C16-9FB8-494C-9541-9491BB589E60}.Release|iPhone.ActiveCfg = Release|iPhone
		{3C905C16-9FB8-494C-9541-9491BB589E60}.Release|iPhone.Build.0 = Release|iPhone
		{3C905C16-9FB8-494C-9541-9491BB589E60}.Release|iPhoneSimulator.ActiveCfg = Release|iPhoneSimulator
		{3C905C16-9FB8-494C-9541-9491BB589E60}.Release|iPhoneSimulator.Build.0 = Release|iPhoneSimulator
		{3C905C16-9FB8-494C-9541-9491BB589E60}.Release|x64.ActiveCfg = Release|iPhone
		{3C905C16-9FB8-494C-9541-9491BB589E60}.Release|x86.ActiveCfg = Release|iPhone
	EndGlobalSection
	GlobalSection(SolutionProperties) = preSolution
		HideSolutionNode = FALSE
	EndGlobalSection
	GlobalSection(ExtensibilityGlobals) = postSolution
		SolutionGuid = {A97BE43C-EC8A-4A51-854B-D88030573EF0}
	EndGlobalSection
EndGlobal
